
Microsoft Visual Studio Solution File, Format Version 12.00
# Visual Studio Version 17
VisualStudioVersion = 17.3.32811.315
MinimumVisualStudioVersion = 10.0.40219.1
Project("{FAE04EC0-301F-11D3-BF4B-00C04F79EFBC}") = "BackColorMation", "BackColorMation\BackColorMation.csproj", "{60D845B9-C21B-42D9-A385-70C1565250D3}"
EndProject
Global
	GlobalSection(SolutionConfigurationPlatforms) = preSolution
		Debug|Any CPU = Debug|Any CPU
		Release|Any CPU = Release|Any CPU
	EndGlobalSection
	GlobalSection(ProjectConfigurationPlatforms) = postSolution
		{60D845B9-C21B-42D9-A385-70C1565250D3}.Debug|Any CPU.ActiveCfg = Debug|Any CPU
		{60D845B9-C21B-42D9-A385-70C1565250D3}.Debug|Any CPU.Build.0 = Debug|Any CPU
		{60D845B9-C21B-42D9-A385-70C1565250D3}.Release|Any CPU.ActiveCfg = Release|Any CPU
		{60D845B9-C21B-42D9-A385-70C1565250D3}.Release|Any CPU.Build.0 = Release|Any CPU
	EndGlobalSection
	GlobalSection(SolutionProperties) = preSolution
		HideSolutionNode = FALSE
	EndGlobalSection
	GlobalSection(ExtensibilityGlobals) = postSolution
		SolutionGuid = {B37D4878-8E17-4F9D-9293-04F2C5E67C4C}
	EndGlobalSection
EndGlobal
